
Microsoft Visual Studio Solution File, Format Version 12.00
# Visual Studio Version 17
VisualStudioVersion = 17.11.35219.272
MinimumVisualStudioVersion = 10.0.40219.1
Project("{9A19103F-16F7-4668-BE54-9A1E7A4F7556}") = "PartyProduct", "PartyProduct\PartyProduct.csproj", "{25F2453F-4DDE-4536-A7C7-EEEA49DA2A3D}"
EndProject
Project("{9A19103F-16F7-4668-BE54-9A1E7A4F7556}") = "Entities", "Entities\Entities.csproj", "{ACA49BAD-17AC-4D4D-8432-971A79448A83}"
EndProject
Project("{9A19103F-16F7-4668-BE54-9A1E7A4F7556}") = "DatabaseServices", "DatabaseServices\DatabaseServices.csproj", "{467CC034-1501-4C5C-A844-4598C8DD31FA}"
EndProject
Project("{FAE04EC0-301F-11D3-BF4B-00C04F79EFBC}") = "ServiceContracts", "ServiceContracts\ServiceContracts.csproj", "{689555D8-1BC0-4843-9BD3-CAC98752E148}"
EndProject
Global
	GlobalSection(SolutionConfigurationPlatforms) = preSolution
		Debug|Any CPU = Debug|Any CPU
		Release|Any CPU = Release|Any CPU
	EndGlobalSection
	GlobalSection(ProjectConfigurationPlatforms) = postSolution
		{25F2453F-4DDE-4536-A7C7-EEEA49DA2A3D}.Debug|Any CPU.ActiveCfg = Debug|Any CPU
		{25F2453F-4DDE-4536-A7C7-EEEA49DA2A3D}.Debug|Any CPU.Build.0 = Debug|Any CPU
		{25F2453F-4DDE-4536-A7C7-EEEA49DA2A3D}.Release|Any CPU.ActiveCfg = Release|Any CPU
		{25F2453F-4DDE-4536-A7C7-EEEA49DA2A3D}.Release|Any CPU.Build.0 = Release|Any CPU
		{ACA49BAD-17AC-4D4D-8432-971A79448A83}.Debug|Any CPU.ActiveCfg = Debug|Any CPU
		{ACA49BAD-17AC-4D4D-8432-971A79448A83}.Debug|Any CPU.Build.0 = Debug|Any CPU
		{ACA49BAD-17AC-4D4D-8432-971A79448A83}.Release|Any CPU.ActiveCfg = Release|Any CPU
		{ACA49BAD-17AC-4D4D-8432-971A79448A83}.Release|Any CPU.Build.0 = Release|Any CPU
		{467CC034-1501-4C5C-A844-4598C8DD31FA}.Debug|Any CPU.ActiveCfg = Debug|Any CPU
		{467CC034-1501-4C5C-A844-4598C8DD31FA}.Debug|Any CPU.Build.0 = Debug|Any CPU
		{467CC034-1501-4C5C-A844-4598C8DD31FA}.Release|Any CPU.ActiveCfg = Release|Any CPU
		{467CC034-1501-4C5C-A844-4598C8DD31FA}.Release|Any CPU.Build.0 = Release|Any CPU
		{689555D8-1BC0-4843-9BD3-CAC98752E148}.Debug|Any CPU.ActiveCfg = Debug|Any CPU
		{689555D8-1BC0-4843-9BD3-CAC98752E148}.Debug|Any CPU.Build.0 = Debug|Any CPU
		{689555D8-1BC0-4843-9BD3-CAC98752E148}.Release|Any CPU.ActiveCfg = Release|Any CPU
		{689555D8-1BC0-4843-9BD3-CAC98752E148}.Release|Any CPU.Build.0 = Release|Any CPU
	EndGlobalSection
	GlobalSection(SolutionProperties) = preSolution
		HideSolutionNode = FALSE
	EndGlobalSection
	GlobalSection(ExtensibilityGlobals) = postSolution
		SolutionGuid = {79A6C48B-1070-425D-833A-CF115AFADF00}
	EndGlobalSection
EndGlobal
